# Component dependency lockfile.
# Format: name<TAB>repo<TAB>ref<TAB>path
name	repo	ref	path
docling-skill	https://github.com/realraelrr/docling-skill	02a9659fdb09312f8abe844b97a97ad9a782bb9d	components/docling-skill
md-for-human	https://github.com/realraelrr/md-for-human	d329bc8b8a22c081d19e0b849418faef013881b3	components/md-for-human
handoff-skill	https://github.com/realraelrr/handoff-skill	744fa700203fcdcab31127fccfb6b5c15b07abbe	components/handoff-skill
obsidian-wiki	https://github.com/Ar9av/obsidian-wiki	6f20faaa0f3b53fa8917816baf5ccbb36f93da72	components/obsidian-wiki
cc-connect	https://github.com/realraelrr/cc-connect	eae0008dd4692948a984741f0846583e67c05445	components/cc-connect-local-main
planning-with-files	https://github.com/realraelrr/planning-with-files	0587a48d102ae53821668188a12555b167483aaa	components/planning-with-files
knot-skills	https://github.com/realraelrr/knot-skills	b92479777d568376c76ebdfe9565dfc88df71c58	components/knot-skills
